
Microsoft Visual Studio Solution File, Format Version 12.00
# Visual Studio Version 16
VisualStudioVersion = 16.0.29424.173
MinimumVisualStudioVersion = 10.0.40219.1
Project("{FAE04EC0-301F-11D3-BF4B-00C04F79EFBC}") = "SalesWebMvc", "SalesWebMvc.csproj", "{CADCDB51-A280-4693-9E2C-226F9C64337E}"
EndProject
Global
	GlobalSection(SolutionConfigurationPlatforms) = preSolution
		Debug|Any CPU = Debug|Any CPU
		Release|Any CPU = Release|Any CPU
	EndGlobalSection
	GlobalSection(ProjectConfigurationPlatforms) = postSolution
		{CADCDB51-A280-4693-9E2C-226F9C64337E}.Debug|Any CPU.ActiveCfg = Debug|Any CPU
		{CADCDB51-A280-4693-9E2C-226F9C64337E}.Debug|Any CPU.Build.0 = Debug|Any CPU
		{CADCDB51-A280-4693-9E2C-226F9C64337E}.Release|Any CPU.ActiveCfg = Release|Any CPU
		{CADCDB51-A280-4693-9E2C-226F9C64337E}.Release|Any CPU.Build.0 = Release|Any CPU
	EndGlobalSection
	GlobalSection(SolutionProperties) = preSolution
		HideSolutionNode = FALSE
	EndGlobalSection
	GlobalSection(ExtensibilityGlobals) = postSolution
		SolutionGuid = {7FFCA82B-481A-487D-9B21-2809AEC018C9}
	EndGlobalSection
EndGlobal
